
Microsoft Visual Studio Solution File, Format Version 12.00
# Visual Studio Version 17
VisualStudioVersion = 17.4.33205.214
MinimumVisualStudioVersion = 10.0.40219.1
Project("{FAE04EC0-301F-11D3-BF4B-00C04F79EFBC}") = "MicroServices", "MicroServices\MicroServices.csproj", "{17D5D02C-5ACE-49C3-8A71-1F977E61EC7A}"
EndProject
Project("{FAE04EC0-301F-11D3-BF4B-00C04F79EFBC}") = "MicroServicesTests", "MicroServicesTests\MicroServicesTests.csproj", "{F1B4326F-D1ED-4493-B934-B9F874C6F8EB}"
	ProjectSection(ProjectDependencies) = postProject
		{17D5D02C-5ACE-49C3-8A71-1F977E61EC7A} = {17D5D02C-5ACE-49C3-8A71-1F977E61EC7A}
	EndProjectSection
EndProject
Global
	GlobalSection(SolutionConfigurationPlatforms) = preSolution
		Debug|Any CPU = Debug|Any CPU
		Release|Any CPU = Release|Any CPU
	EndGlobalSection
	GlobalSection(ProjectConfigurationPlatforms) = postSolution
		{17D5D02C-5ACE-49C3-8A71-1F977E61EC7A}.Debug|Any CPU.ActiveCfg = Debug|Any CPU
		{17D5D02C-5ACE-49C3-8A71-1F977E61EC7A}.Debug|Any CPU.Build.0 = Debug|Any CPU
		{17D5D02C-5ACE-49C3-8A71-1F977E61EC7A}.Release|Any CPU.ActiveCfg = Release|Any CPU
		{17D5D02C-5ACE-49C3-8A71-1F977E61EC7A}.Release|Any CPU.Build.0 = Release|Any CPU
		{F1B4326F-D1ED-4493-B934-B9F874C6F8EB}.Debug|Any CPU.ActiveCfg = Debug|Any CPU
		{F1B4326F-D1ED-4493-B934-B9F874C6F8EB}.Debug|Any CPU.Build.0 = Debug|Any CPU
		{F1B4326F-D1ED-4493-B934-B9F874C6F8EB}.Release|Any CPU.ActiveCfg = Release|Any CPU
		{F1B4326F-D1ED-4493-B934-B9F874C6F8EB}.Release|Any CPU.Build.0 = Release|Any CPU
	EndGlobalSection
	GlobalSection(SolutionProperties) = preSolution
		HideSolutionNode = FALSE
	EndGlobalSection
	GlobalSection(ExtensibilityGlobals) = postSolution
		SolutionGuid = {CABA56FD-BE9D-48E5-9D0F-B703A8C317E7}
	EndGlobalSection
EndGlobal
